// !$*UTF8*$!
{
	archiveVersion = 1;
	classes = {
	};
	objectVersion = 46;
	objects = {

/* Begin PBXBuildFile section */
		39811A8E1E890BBF0053C5EF /* AppDelegate.swift in Sources */ = {isa = PBXBuildFile; fileRef = 39811A8D1E890BBF0053C5EF /* AppDelegate.swift */; };
		39811A901E890BBF0053C5EF /* ViewController.swift in Sources */ = {isa = PBXBuildFile; fileRef = 39811A8F1E890BBF0053C5EF /* ViewController.swift */; };
		39811A921E890BBF0053C5EF /* Assets.xcassets in Resources */ = {isa = PBXBuildFile; fileRef = 39811A911E890BBF0053C5EF /* Assets.xcassets */; };
		39811A951E890BBF0053C5EF /* Main.storyboard in Resources */ = {isa = PBXBuildFile; fileRef = 39811A931E890BBF0053C5EF /* Main.storyboard */; };
		39811AA41E8911040053C5EF /* A Girl in Oakland.mp3 in Resources */ = {isa = PBXBuildFile; fileRef = 39811A9D1E8911040053C5EF /* A Girl in Oakland.mp3 */; };
		39811AA51E8911040053C5EF /* Find My Way Home.mp3 in Resources */ = {isa = PBXBuildFile; fileRef = 39811A9E1E8911040053C5EF /* Find My Way Home.mp3 */; };
		39811AA61E8911040053C5EF /* Fingers.mp3 in Resources */ = {isa = PBXBuildFile; fileRef = 39811A9F1E8911040053C5EF /* Fingers.mp3 */; };
		39811AA71E8911040053C5EF /* In Case You Forgot.mp3 in Resources */ = {isa = PBXBuildFile; fileRef = 39811AA01E8911040053C5EF /* In Case You Forgot.mp3 */; };
		39811AA81E8911040053C5EF /* Mighty Fine.mp3 in Resources */ = {isa = PBXBuildFile; fileRef = 39811AA11E8911040053C5EF /* Mighty Fine.mp3 */; };
		39811AA91E8911040053C5EF /* Otis McMusic.mp3 in Resources */ = {isa = PBXBuildFile; fileRef = 39811AA21E8911040053C5EF /* Otis McMusic.mp3 */; };
		39811AAA1E8911040053C5EF /* Scarlet Fire.mp3 in Resources */ = {isa = PBXBuildFile; fileRef = 39811AA31E8911040053C5EF /* Scarlet Fire.mp3 */; };
/* End PBXBuildFile section */

/* Begin PBXFileReference section */
		39811A8A1E890BBF0053C5EF /* EnigmaPod.app */ = {isa = PBXFileReference; explicitFileType = wrapper.application; includeInIndex = 0; path = EnigmaPod.app; sourceTree = BUILT_PRODUCTS_DIR; };
		39811A8D1E890BBF0053C5EF /* AppDelegate.swift */ = {isa = PBXFileReference; lastKnownFileType = sourcecode.swift; path = AppDelegate.swift; sourceTree = "<group>"; };
		39811A8F1E890BBF0053C5EF /* ViewController.swift */ = {isa = PBXFileReference; lastKnownFileType = sourcecode.swift; path = ViewController.swift; sourceTree = "<group>"; };
		39811A911E890BBF0053C5EF /* Assets.xcassets */ = {isa = PBXFileReference; lastKnownFileType = folder.assetcatalog; path = Assets.xcassets; sourceTree = "<group>"; };
		39811A941E890BBF0053C5EF /* Base */ = {isa = PBXFileReference; lastKnownFileType = file.storyboard; name = Base; path = Base.lproj/Main.storyboard; sourceTree = "<group>"; };
		39811A961E890BBF0053C5EF /* Info.plist */ = {isa = PBXFileReference; lastKnownFileType = text.plist.xml; path = Info.plist; sourceTree = "<group>"; };
		39811A9D1E8911040053C5EF /* A Girl in Oakland.mp3 */ = {isa = PBXFileReference; lastKnownFileType = audio.mp3; path = "A Girl in Oakland.mp3"; sourceTree = "<group>"; };
		39811A9E1E8911040053C5EF /* Find My Way Home.mp3 */ = {isa = PBXFileReference; lastKnownFileType = audio.mp3; path = "Find My Way Home.mp3"; sourceTree = "<group>"; };
		39811A9F1E8911040053C5EF /* Fingers.mp3 */ = {isa = PBXFileReference; lastKnownFileType = audio.mp3; path = Fingers.mp3; sourceTree = "<group>"; };
		39811AA01E8911040053C5EF /* In Case You Forgot.mp3 */ = {isa = PBXFileReference; lastKnownFileType = audio.mp3; path = "In Case You Forgot.mp3"; sourceTree = "<group>"; };
		39811AA11E8911040053C5EF /* Mighty Fine.mp3 */ = {isa = PBXFileReference; lastKnownFileType = audio.mp3; path = "Mighty Fine.mp3"; sourceTree = "<group>"; };
		39811AA21E8911040053C5EF /* Otis McMusic.mp3 */ = {isa = PBXFileReference; lastKnownFileType = audio.mp3; path = "Otis McMusic.mp3"; sourceTree = "<group>"; };
		39811AA31E8911040053C5EF /* Scarlet Fire.mp3 */ = {isa = PBXFileReference; lastKnownFileType = audio.mp3; path = "Scarlet Fire.mp3"; sourceTree = "<group>"; };
/* End PBXFileReference section */

/* Begin PBXFrameworksBuildPhase section */
		39811A871E890BBF0053C5EF /* Frameworks */ = {
			isa = PBXFrameworksBuildPhase;
			buildActionMask = 2147483647;
			files = (
			);
			runOnlyForDeploymentPostprocessing = 0;
		};
/* End PBXFrameworksBuildPhase section */

/* Begin PBXGroup section */
		39811A811E890BBF0053C5EF = {
			isa = PBXGroup;
			children = (
				39811A8C1E890BBF0053C5EF /* EnigmaPod */,
				39811A8B1E890BBF0053C5EF /* Products */,
			);
			sourceTree = "<group>";
		};
		39811A8B1E890BBF0053C5EF /* Products */ = {
			isa = PBXGroup;
			children = (
				39811A8A1E890BBF0053C5EF /* EnigmaPod.app */,
			);
			name = Products;
			sourceTree = "<group>";
		};
		39811A8C1E890BBF0053C5EF /* EnigmaPod */ = {
			isa = PBXGroup;
			children = (
				39811A8D1E890BBF0053C5EF /* AppDelegate.swift */,
				39811A8F1E890BBF0053C5EF /* ViewController.swift */,
				39811A911E890BBF0053C5EF /* Assets.xcassets */,
				39811A931E890BBF0053C5EF /* Main.storyboard */,
				39811A961E890BBF0053C5EF /* Info.plist */,
				39811A9C1E8911040053C5EF /* Song */,
			);
			path = EnigmaPod;
			sourceTree = "<group>";
		};
		39811A9C1E8911040053C5EF /* Song */ = {
			isa = PBXGroup;
			children = (
				39811A9D1E8911040053C5EF /* A Girl in Oakland.mp3 */,
				39811A9E1E8911040053C5EF /* Find My Way Home.mp3 */,
				39811A9F1E8911040053C5EF /* Fingers.mp3 */,
				39811AA01E8911040053C5EF /* In Case You Forgot.mp3 */,
				39811AA11E8911040053C5EF /* Mighty Fine.mp3 */,
				39811AA21E8911040053C5EF /* Otis McMusic.mp3 */,
				39811AA31E8911040053C5EF /* Scarlet Fire.mp3 */,
			);
			path = Song;
			sourceTree = "<group>";
		};
/* End PBXGroup section */

/* Begin PBXNativeTarget section */
		39811A891E890BBF0053C5EF /* EnigmaPod */ = {
			isa = PBXNativeTarget;
			buildConfigurationList = 39811A991E890BBF0053C5EF /* Build configuration list for PBXNativeTarget "EnigmaPod" */;
			buildPhases = (
				39811A861E890BBF0053C5EF /* Sources */,
				39811A871E890BBF0053C5EF /* Frameworks */,
				39811A881E890BBF0053C5EF /* Resources */,
			);
			buildRules = (
			);
			dependencies = (
			);
			name = EnigmaPod;
			productName = EnigmaPod;
			productReference = 39811A8A1E890BBF0053C5EF /* EnigmaPod.app */;
			productType = "com.apple.product-type.application";
		};
/* End PBXNativeTarget section */

/* Begin PBXProject section */
		39811A821E890BBF0053C5EF /* Project object */ = {
			isa = PBXProject;
			attributes = {
				LastSwiftUpdateCheck = 0820;
				LastUpgradeCheck = 0820;
				ORGANIZATIONNAME = "Nan Wang";
				TargetAttributes = {
					39811A891E890BBF0053C5EF = {
						CreatedOnToolsVersion = 8.2.1;
						ProvisioningStyle = Automatic;
					};
				};
			};
			buildConfigurationList = 39811A851E890BBF0053C5EF /* Build configuration list for PBXProject "EnigmaPod" */;
			compatibilityVersion = "Xcode 3.2";
			developmentRegion = English;
			hasScannedForEncodings = 0;
			knownRegions = (
				en,
				Base,
			);
			mainGroup = 39811A811E890BBF0053C5EF;
			productRefGroup = 39811A8B1E890BBF0053C5EF /* Products */;
			projectDirPath = "";
			projectRoot = "";
			targets = (
				39811A891E890BBF0053C5EF /* EnigmaPod */,
			);
		};
/* End PBXProject section */

/* Begin PBXResourcesBuildPhase section */
		39811A881E890BBF0053C5EF /* Resources */ = {
			isa = PBXResourcesBuildPhase;
			buildActionMask = 2147483647;
			files = (
				39811AA41E8911040053C5EF /* A Girl in Oakland.mp3 in Resources */,
				39811A921E890BBF0053C5EF /* Assets.xcassets in Resources */,
				39811A951E890BBF0053C5EF /* Main.storyboard in Resources */,
				39811AA71E8911040053C5EF /* In Case You Forgot.mp3 in Resources */,
				39811AA51E8911040053C5EF /* Find My Way Home.mp3 in Resources */,
				39811AA61E8911040053C5EF /* Fingers.mp3 in Resources */,
				39811AAA1E8911040053C5EF /* Scarlet Fire.mp3 in Resources */,
				39811AA91E8911040053C5EF /* Otis McMusic.mp3 in Resources */,
				39811AA81E8911040053C5EF /* Mighty Fine.mp3 in Resources */,
			);
			runOnlyForDeploymentPostprocessing = 0;
		};
/* End PBXResourcesBuildPhase section */

/* Begin PBXSourcesBuildPhase section */
		39811A861E890BBF0053C5EF /* Sources */ = {
			isa = PBXSourcesBuildPhase;
			buildActionMask = 2147483647;
			files = (
				39811A901E890BBF0053C5EF /* ViewController.swift in Sources */,
				39811A8E1E890BBF0053C5EF /* AppDelegate.swift in Sources */,
			);
			runOnlyForDeploymentPostprocessing = 0;
		};
/* End PBXSourcesBuildPhase section */

/* Begin PBXVariantGroup section */
		39811A931E890BBF0053C5EF /* Main.storyboard */ = {
			isa = PBXVariantGroup;
			children = (
				39811A941E890BBF0053C5EF /* Base */,
			);
			name = Main.storyboard;
			sourceTree = "<group>";
		};
/* End PBXVariantGroup section */

/* Begin XCBuildConfiguration section */
		39811A971E890BBF0053C5EF /* Debug */ = {
			isa = XCBuildConfiguration;
			buildSettings = {
				ALWAYS_SEARCH_USER_PATHS = NO;
				CLANG_ANALYZER_NONNULL = YES;
				CLANG_CXX_LANGUAGE_STANDARD = "gnu++0x";
				CLANG_CXX_LIBRARY = "libc++";
				CLANG_ENABLE_MODULES = YES;
				CLANG_ENABLE_OBJC_ARC = YES;
				CLANG_WARN_BOOL_CONVERSION = YES;
				CLANG_WARN_CONSTANT_CONVERSION = YES;
				CLANG_WARN_DIRECT_OBJC_ISA_USAGE = YES_ERROR;
				CLANG_WARN_DOCUMENTATION_COMMENTS = YES;
				CLANG_WARN_EMPTY_BODY = YES;
				CLANG_WARN_ENUM_CONVERSION = YES;
				CLANG_WARN_INFINITE_RECURSION = YES;
				CLANG_WARN_INT_CONVERSION = YES;
				CLANG_WARN_OBJC_ROOT_CLASS = YES_ERROR;
				CLANG_WARN_SUSPICIOUS_MOVE = YES;
				CLANG_WARN_UNREACHABLE_CODE = YES;
				CLANG_WARN__DUPLICATE_METHOD_MATCH = YES;
				CODE_SIGN_IDENTITY = "-";
				COPY_PHASE_STRIP = NO;
				DEBUG_INFORMATION_FORMAT = dwarf;
				ENABLE_STRICT_OBJC_MSGSEND = YES;
				ENABLE_TESTABILITY = YES;
				GCC_C_LANGUAGE_STANDARD = gnu99;
				GCC_DYNAMIC_NO_PIC = NO;
				GCC_NO_COMMON_BLOCKS = YES;
				GCC_OPTIMIZATION_LEVEL = 0;
				GCC_PREPROCESSOR_DEFINITIONS = (
					"DEBUG=1",
					"$(inherited)",
				);
				GCC_WARN_64_TO_32_BIT_CONVERSION = YES;
				GCC_WARN_ABOUT_RETURN_TYPE = YES_ERROR;
				GCC_WARN_UNDECLARED_SELECTOR = YES;
				GCC_WARN_UNINITIALIZED_AUTOS = YES_AGGRESSIVE;
				GCC_WARN_UNUSED_FUNCTION = YES;
				GCC_WARN_UNUSED_VARIABLE = YES;
				MACOSX_DEPLOYMENT_TARGET = 10.12;
				MTL_ENABLE_DEBUG_INFO = YES;
				ONLY_ACTIVE_ARCH = YES;
				SDKROOT = macosx;
				SWIFT_ACTIVE_COMPILATION_CONDITIONS = DEBUG;
				SWIFT_OPTIMIZATION_LEVEL = "-Onone";
			};
			name = Debug;
		};
		39811A981E890BBF0053C5EF /* Release */ = {
			isa = XCBuildConfiguration;
			buildSettings = {
				ALWAYS_SEARCH_USER_PATHS = NO;
				CLANG_ANALYZER_NONNULL = YES;
				CLANG_CXX_LANGUAGE_STANDARD = "gnu++0x";
				CLANG_CXX_LIBRARY = "libc++";
				CLANG_ENABLE_MODULES = YES;
				CLANG_ENABLE_OBJC_ARC = YES;
				CLANG_WARN_BOOL_CONVERSION = YES;
				CLANG_WARN_CONSTANT_CONVERSION = YES;
				CLANG_WARN_DIRECT_OBJC_ISA_USAGE = YES_ERROR;
				CLANG_WARN_DOCUMENTATION_COMMENTS = YES;
				CLANG_WARN_EMPTY_BODY = YES;
				CLANG_WARN_ENUM_CONVERSION = YES;
				CLANG_WARN_INFINITE_RECURSION = YES;
				CLANG_WARN_INT_CONVERSION = YES;
				CLANG_WARN_OBJC_ROOT_CLASS = YES_ERROR;
				CLANG_WARN_SUSPICIOUS_MOVE = YES;
				CLANG_WARN_UNREACHABLE_CODE = YES;
				CLANG_WARN__DUPLICATE_METHOD_MATCH = YES;
				CODE_SIGN_IDENTITY = "-";
				COPY_PHASE_STRIP = NO;
				DEBUG_INFORMATION_FORMAT = "dwarf-with-dsym";
				ENABLE_NS_ASSERTIONS = NO;
				ENABLE_STRICT_OBJC_MSGSEND = YES;
				GCC_C_LANGUAGE_STANDARD = gnu99;
				GCC_NO_COMMON_BLOCKS = YES;
				GCC_WARN_64_TO_32_BIT_CONVERSION = YES;
				GCC_WARN_ABOUT_RETURN_TYPE = YES_ERROR;
				GCC_WARN_UNDECLARED_SELECTOR = YES;
				GCC_WARN_UNINITIALIZED_AUTOS = YES_AGGRESSIVE;
				GCC_WARN_UNUSED_FUNCTION = YES;
				GCC_WARN_UNUSED_VARIABLE = YES;
				MACOSX_DEPLOYMENT_TARGET = 10.12;
				MTL_ENABLE_DEBUG_INFO = NO;
				SDKROOT = macosx;
				SWIFT_OPTIMIZATION_LEVEL = "-Owholemodule";
			};
			name = Release;
		};
		39811A9A1E890BBF0053C5EF /* Debug */ = {
			isa = XCBuildConfiguration;
			buildSettings = {
				ASSETCATALOG_COMPILER_APPICON_NAME = AppIcon;
				COMBINE_HIDPI_IMAGES = YES;
				INFOPLIST_FILE = EnigmaPod/Info.plist;
				LD_RUNPATH_SEARCH_PATHS = "$(inherited) @executable_path/../Frameworks";
				PRODUCT_BUNDLE_IDENTIFIER = Nan.EnigmaPod;
				PRODUCT_NAME = "$(TARGET_NAME)";
				SWIFT_VERSION = 3.0;
			};
			name = Debug;
		};
		39811A9B1E890BBF0053C5EF /* Release */ = {
			isa = XCBuildConfiguration;
			buildSettings = {
				ASSETCATALOG_COMPILER_APPICON_NAME = AppIcon;
				COMBINE_HIDPI_IMAGES = YES;
				INFOPLIST_FILE = EnigmaPod/Info.plist;
				LD_RUNPATH_SEARCH_PATHS = "$(inherited) @executable_path/../Frameworks";
				PRODUCT_BUNDLE_IDENTIFIER = Nan.EnigmaPod;
				PRODUCT_NAME = "$(TARGET_NAME)";
				SWIFT_VERSION = 3.0;
			};
			name = Release;
		};
/* End XCBuildConfiguration section */

/* Begin XCConfigurationList section */
		39811A851E890BBF0053C5EF /* Build configuration list for PBXProject "EnigmaPod" */ = {
			isa = XCConfigurationList;
			buildConfigurations = (
				39811A971E890BBF0053C5EF /* Debug */,
				39811A981E890BBF0053C5EF /* Release */,
			);
			defaultConfigurationIsVisible = 0;
			defaultConfigurationName = Release;
		};
		39811A991E890BBF0053C5EF /* Build configuration list for PBXNativeTarget "EnigmaPod" */ = {
			isa = XCConfigurationList;
			buildConfigurations = (
				39811A9A1E890BBF0053C5EF /* Debug */,
				39811A9B1E890BBF0053C5EF /* Release */,
			);
			defaultConfigurationIsVisible = 0;
		};
/* End XCConfigurationList section */
	};
	rootObject = 39811A821E890BBF0053C5EF /* Project object */;
}
